
Microsoft Visual Studio Solution File, Format Version 12.00
# Visual Studio Version 16
VisualStudioVersion = 16.0.30225.117
MinimumVisualStudioVersion = 10.0.40219.1
Project("{9A19103F-16F7-4668-BE54-9A1E7A4F7556}") = "Questionnaire-Backend", "Questionnaire-Backend\Questionnaire-Backend.csproj", "{1CFECB2A-3414-4550-9A0E-60A910A6C942}"
EndProject
Global
	GlobalSection(SolutionConfigurationPlatforms) = preSolution
		Debug|Any CPU = Debug|Any CPU
		Release|Any CPU = Release|Any CPU
	EndGlobalSection
	GlobalSection(ProjectConfigurationPlatforms) = postSolution
		{1CFECB2A-3414-4550-9A0E-60A910A6C942}.Debug|Any CPU.ActiveCfg = Debug|Any CPU
		{1CFECB2A-3414-4550-9A0E-60A910A6C942}.Debug|Any CPU.Build.0 = Debug|Any CPU
		{1CFECB2A-3414-4550-9A0E-60A910A6C942}.Release|Any CPU.ActiveCfg = Release|Any CPU
		{1CFECB2A-3414-4550-9A0E-60A910A6C942}.Release|Any CPU.Build.0 = Release|Any CPU
	EndGlobalSection
	GlobalSection(SolutionProperties) = preSolution
		HideSolutionNode = FALSE
	EndGlobalSection
	GlobalSection(ExtensibilityGlobals) = postSolution
		SolutionGuid = {D7CB7960-92D6-43CC-AAAC-EE6A0A5E0880}
	EndGlobalSection
EndGlobal
